
Microsoft Visual Studio Solution File, Format Version 12.00
# Visual Studio Version 17
VisualStudioVersion = 17.13.35828.75 d17.13
MinimumVisualStudioVersion = 10.0.40219.1
Project("{FAE04EC0-301F-11D3-BF4B-00C04F79EFBC}") = "WebAPINet", "WebAPINet\WebAPINet.csproj", "{0031AAB6-76A1-4C82-B8AE-9C8F767504D6}"
EndProject
Global
	GlobalSection(SolutionConfigurationPlatforms) = preSolution
		Debug|Any CPU = Debug|Any CPU
		Release|Any CPU = Release|Any CPU
	EndGlobalSection
	GlobalSection(ProjectConfigurationPlatforms) = postSolution
		{0031AAB6-76A1-4C82-B8AE-9C8F767504D6}.Debug|Any CPU.ActiveCfg = Debug|Any CPU
		{0031AAB6-76A1-4C82-B8AE-9C8F767504D6}.Debug|Any CPU.Build.0 = Debug|Any CPU
		{0031AAB6-76A1-4C82-B8AE-9C8F767504D6}.Release|Any CPU.ActiveCfg = Release|Any CPU
		{0031AAB6-76A1-4C82-B8AE-9C8F767504D6}.Release|Any CPU.Build.0 = Release|Any CPU
	EndGlobalSection
	GlobalSection(SolutionProperties) = preSolution
		HideSolutionNode = FALSE
	EndGlobalSection
	GlobalSection(ExtensibilityGlobals) = postSolution
		SolutionGuid = {A11AD0DC-E61E-43B2-B9CE-E89860B58A8E}
	EndGlobalSection
EndGlobal
